// !$*UTF8*$!
{
	archiveVersion = 1;
	classes = {
	};
	objectVersion = 50;
	objects = {

/* Begin PBXBuildFile section */
		4BF866B72560565D003679C3 /* Bull_s_eyeApp.swift in Sources */ = {isa = PBXBuildFile; fileRef = 4BF866B62560565D003679C3 /* Bull_s_eyeApp.swift */; };
		4BF866B92560565D003679C3 /* ContentView.swift in Sources */ = {isa = PBXBuildFile; fileRef = 4BF866B82560565D003679C3 /* ContentView.swift */; };
		4BF866BB25605662003679C3 /* Assets.xcassets in Resources */ = {isa = PBXBuildFile; fileRef = 4BF866BA25605662003679C3 /* Assets.xcassets */; };
		4BF866BE25605662003679C3 /* Preview Assets.xcassets in Resources */ = {isa = PBXBuildFile; fileRef = 4BF866BD25605662003679C3 /* Preview Assets.xcassets */; };
		4BF866C925605663003679C3 /* Bull_s_eyeTests.swift in Sources */ = {isa = PBXBuildFile; fileRef = 4BF866C825605663003679C3 /* Bull_s_eyeTests.swift */; };
		4BF866D425605664003679C3 /* Bull_s_eyeUITests.swift in Sources */ = {isa = PBXBuildFile; fileRef = 4BF866D325605664003679C3 /* Bull_s_eyeUITests.swift */; };
/* End PBXBuildFile section */

/* Begin PBXContainerItemProxy section */
		4BF866C525605663003679C3 /* PBXContainerItemProxy */ = {
			isa = PBXContainerItemProxy;
			containerPortal = 4BF866AB2560565D003679C3 /* Project object */;
			proxyType = 1;
			remoteGlobalIDString = 4BF866B22560565D003679C3;
			remoteInfo = "Bull-s-eye";
		};
		4BF866D025605663003679C3 /* PBXContainerItemProxy */ = {
			isa = PBXContainerItemProxy;
			containerPortal = 4BF866AB2560565D003679C3 /* Project object */;
			proxyType = 1;
			remoteGlobalIDString = 4BF866B22560565D003679C3;
			remoteInfo = "Bull-s-eye";
		};
/* End PBXContainerItemProxy section */

/* Begin PBXFileReference section */
		4BF866B32560565D003679C3 /* Bull-s-eye.app */ = {isa = PBXFileReference; explicitFileType = wrapper.application; includeInIndex = 0; path = "Bull-s-eye.app"; sourceTree = BUILT_PRODUCTS_DIR; };
		4BF866B62560565D003679C3 /* Bull_s_eyeApp.swift */ = {isa = PBXFileReference; lastKnownFileType = sourcecode.swift; path = Bull_s_eyeApp.swift; sourceTree = "<group>"; };
		4BF866B82560565D003679C3 /* ContentView.swift */ = {isa = PBXFileReference; lastKnownFileType = sourcecode.swift; path = ContentView.swift; sourceTree = "<group>"; };
		4BF866BA25605662003679C3 /* Assets.xcassets */ = {isa = PBXFileReference; lastKnownFileType = folder.assetcatalog; path = Assets.xcassets; sourceTree = "<group>"; };
		4BF866BD25605662003679C3 /* Preview Assets.xcassets */ = {isa = PBXFileReference; lastKnownFileType = folder.assetcatalog; path = "Preview Assets.xcassets"; sourceTree = "<group>"; };
		4BF866BF25605662003679C3 /* Info.plist */ = {isa = PBXFileReference; lastKnownFileType = text.plist.xml; path = Info.plist; sourceTree = "<group>"; };
		4BF866C425605663003679C3 /* Bull-s-eyeTests.xctest */ = {isa = PBXFileReference; explicitFileType = wrapper.cfbundle; includeInIndex = 0; path = "Bull-s-eyeTests.xctest"; sourceTree = BUILT_PRODUCTS_DIR; };
		4BF866C825605663003679C3 /* Bull_s_eyeTests.swift */ = {isa = PBXFileReference; lastKnownFileType = sourcecode.swift; path = Bull_s_eyeTests.swift; sourceTree = "<group>"; };
		4BF866CA25605663003679C3 /* Info.plist */ = {isa = PBXFileReference; lastKnownFileType = text.plist.xml; path = Info.plist; sourceTree = "<group>"; };
		4BF866CF25605663003679C3 /* Bull-s-eyeUITests.xctest */ = {isa = PBXFileReference; explicitFileType = wrapper.cfbundle; includeInIndex = 0; path = "Bull-s-eyeUITests.xctest"; sourceTree = BUILT_PRODUCTS_DIR; };
		4BF866D325605664003679C3 /* Bull_s_eyeUITests.swift */ = {isa = PBXFileReference; lastKnownFileType = sourcecode.swift; path = Bull_s_eyeUITests.swift; sourceTree = "<group>"; };
		4BF866D525605664003679C3 /* Info.plist */ = {isa = PBXFileReference; lastKnownFileType = text.plist.xml; path = Info.plist; sourceTree = "<group>"; };
/* End PBXFileReference section */

/* Begin PBXFrameworksBuildPhase section */
		4BF866B02560565D003679C3 /* Frameworks */ = {
			isa = PBXFrameworksBuildPhase;
			buildActionMask = 2147483647;
			files = (
			);
			runOnlyForDeploymentPostprocessing = 0;
		};
		4BF866C125605663003679C3 /* Frameworks */ = {
			isa = PBXFrameworksBuildPhase;
			buildActionMask = 2147483647;
			files = (
			);
			runOnlyForDeploymentPostprocessing = 0;
		};
		4BF866CC25605663003679C3 /* Frameworks */ = {
			isa = PBXFrameworksBuildPhase;
			buildActionMask = 2147483647;
			files = (
			);
			runOnlyForDeploymentPostprocessing = 0;
		};
/* End PBXFrameworksBuildPhase section */

/* Begin PBXGroup section */
		4BF866AA2560565D003679C3 = {
			isa = PBXGroup;
			children = (
				4BF866B52560565D003679C3 /* Bull-s-eye */,
				4BF866C725605663003679C3 /* Bull-s-eyeTests */,
				4BF866D225605663003679C3 /* Bull-s-eyeUITests */,
				4BF866B42560565D003679C3 /* Products */,
			);
			sourceTree = "<group>";
		};
		4BF866B42560565D003679C3 /* Products */ = {
			isa = PBXGroup;
			children = (
				4BF866B32560565D003679C3 /* Bull-s-eye.app */,
				4BF866C425605663003679C3 /* Bull-s-eyeTests.xctest */,
				4BF866CF25605663003679C3 /* Bull-s-eyeUITests.xctest */,
			);
			name = Products;
			sourceTree = "<group>";
		};
		4BF866B52560565D003679C3 /* Bull-s-eye */ = {
			isa = PBXGroup;
			children = (
				4BF866B62560565D003679C3 /* Bull_s_eyeApp.swift */,
				4BF866B82560565D003679C3 /* ContentView.swift */,
				4BF866BA25605662003679C3 /* Assets.xcassets */,
				4BF866BF25605662003679C3 /* Info.plist */,
				4BF866BC25605662003679C3 /* Preview Content */,
			);
			path = "Bull-s-eye";
			sourceTree = "<group>";
		};
		4BF866BC25605662003679C3 /* Preview Content */ = {
			isa = PBXGroup;
			children = (
				4BF866BD25605662003679C3 /* Preview Assets.xcassets */,
			);
			path = "Preview Content";
			sourceTree = "<group>";
		};
		4BF866C725605663003679C3 /* Bull-s-eyeTests */ = {
			isa = PBXGroup;
			children = (
				4BF866C825605663003679C3 /* Bull_s_eyeTests.swift */,
				4BF866CA25605663003679C3 /* Info.plist */,
			);
			path = "Bull-s-eyeTests";
			sourceTree = "<group>";
		};
		4BF866D225605663003679C3 /* Bull-s-eyeUITests */ = {
			isa = PBXGroup;
			children = (
				4BF866D325605664003679C3 /* Bull_s_eyeUITests.swift */,
				4BF866D525605664003679C3 /* Info.plist */,
			);
			path = "Bull-s-eyeUITests";
			sourceTree = "<group>";
		};
/* End PBXGroup section */

/* Begin PBXNativeTarget section */
		4BF866B22560565D003679C3 /* Bull-s-eye */ = {
			isa = PBXNativeTarget;
			buildConfigurationList = 4BF866D825605664003679C3 /* Build configuration list for PBXNativeTarget "Bull-s-eye" */;
			buildPhases = (
				4BF866AF2560565D003679C3 /* Sources */,
				4BF866B02560565D003679C3 /* Frameworks */,
				4BF866B12560565D003679C3 /* Resources */,
			);
			buildRules = (
			);
			dependencies = (
			);
			name = "Bull-s-eye";
			productName = "Bull-s-eye";
			productReference = 4BF866B32560565D003679C3 /* Bull-s-eye.app */;
			productType = "com.apple.product-type.application";
		};
		4BF866C325605663003679C3 /* Bull-s-eyeTests */ = {
			isa = PBXNativeTarget;
			buildConfigurationList = 4BF866DB25605664003679C3 /* Build configuration list for PBXNativeTarget "Bull-s-eyeTests" */;
			buildPhases = (
				4BF866C025605663003679C3 /* Sources */,
				4BF866C125605663003679C3 /* Frameworks */,
				4BF866C225605663003679C3 /* Resources */,
			);
			buildRules = (
			);
			dependencies = (
				4BF866C625605663003679C3 /* PBXTargetDependency */,
			);
			name = "Bull-s-eyeTests";
			productName = "Bull-s-eyeTests";
			productReference = 4BF866C425605663003679C3 /* Bull-s-eyeTests.xctest */;
			productType = "com.apple.product-type.bundle.unit-test";
		};
		4BF866CE25605663003679C3 /* Bull-s-eyeUITests */ = {
			isa = PBXNativeTarget;
			buildConfigurationList = 4BF866DE25605664003679C3 /* Build configuration list for PBXNativeTarget "Bull-s-eyeUITests" */;
			buildPhases = (
				4BF866CB25605663003679C3 /* Sources */,
				4BF866CC25605663003679C3 /* Frameworks */,
				4BF866CD25605663003679C3 /* Resources */,
			);
			buildRules = (
			);
			dependencies = (
				4BF866D125605663003679C3 /* PBXTargetDependency */,
			);
			name = "Bull-s-eyeUITests";
			productName = "Bull-s-eyeUITests";
			productReference = 4BF866CF25605663003679C3 /* Bull-s-eyeUITests.xctest */;
			productType = "com.apple.product-type.bundle.ui-testing";
		};
/* End PBXNativeTarget section */

/* Begin PBXProject section */
		4BF866AB2560565D003679C3 /* Project object */ = {
			isa = PBXProject;
			attributes = {
				LastSwiftUpdateCheck = 1200;
				LastUpgradeCheck = 1200;
				TargetAttributes = {
					4BF866B22560565D003679C3 = {
						CreatedOnToolsVersion = 12.0.1;
					};
					4BF866C325605663003679C3 = {
						CreatedOnToolsVersion = 12.0.1;
						TestTargetID = 4BF866B22560565D003679C3;
					};
					4BF866CE25605663003679C3 = {
						CreatedOnToolsVersion = 12.0.1;
						TestTargetID = 4BF866B22560565D003679C3;
					};
				};
			};
			buildConfigurationList = 4BF866AE2560565D003679C3 /* Build configuration list for PBXProject "Bull-s-eye" */;
			compatibilityVersion = "Xcode 9.3";
			developmentRegion = en;
			hasScannedForEncodings = 0;
			knownRegions = (
				en,
				Base,
			);
			mainGroup = 4BF866AA2560565D003679C3;
			productRefGroup = 4BF866B42560565D003679C3 /* Products */;
			projectDirPath = "";
			projectRoot = "";
			targets = (
				4BF866B22560565D003679C3 /* Bull-s-eye */,
				4BF866C325605663003679C3 /* Bull-s-eyeTests */,
				4BF866CE25605663003679C3 /* Bull-s-eyeUITests */,
			);
		};
/* End PBXProject section */

/* Begin PBXResourcesBuildPhase section */
		4BF866B12560565D003679C3 /* Resources */ = {
			isa = PBXResourcesBuildPhase;
			buildActionMask = 2147483647;
			files = (
				4BF866BE25605662003679C3 /* Preview Assets.xcassets in Resources */,
				4BF866BB25605662003679C3 /* Assets.xcassets in Resources */,
			);
			runOnlyForDeploymentPostprocessing = 0;
		};
		4BF866C225605663003679C3 /* Resources */ = {
			isa = PBXResourcesBuildPhase;
			buildActionMask = 2147483647;
			files = (
			);
			runOnlyForDeploymentPostprocessing = 0;
		};
		4BF866CD25605663003679C3 /* Resources */ = {
			isa = PBXResourcesBuildPhase;
			buildActionMask = 2147483647;
			files = (
			);
			runOnlyForDeploymentPostprocessing = 0;
		};
/* End PBXResourcesBuildPhase section */

/* Begin PBXSourcesBuildPhase section */
		4BF866AF2560565D003679C3 /* Sources */ = {
			isa = PBXSourcesBuildPhase;
			buildActionMask = 2147483647;
			files = (
				4BF866B92560565D003679C3 /* ContentView.swift in Sources */,
				4BF866B72560565D003679C3 /* Bull_s_eyeApp.swift in Sources */,
			);
			runOnlyForDeploymentPostprocessing = 0;
		};
		4BF866C025605663003679C3 /* Sources */ = {
			isa = PBXSourcesBuildPhase;
			buildActionMask = 2147483647;
			files = (
				4BF866C925605663003679C3 /* Bull_s_eyeTests.swift in Sources */,
			);
			runOnlyForDeploymentPostprocessing = 0;
		};
		4BF866CB25605663003679C3 /* Sources */ = {
			isa = PBXSourcesBuildPhase;
			buildActionMask = 2147483647;
			files = (
				4BF866D425605664003679C3 /* Bull_s_eyeUITests.swift in Sources */,
			);
			runOnlyForDeploymentPostprocessing = 0;
		};
/* End PBXSourcesBuildPhase section */

/* Begin PBXTargetDependency section */
		4BF866C625605663003679C3 /* PBXTargetDependency */ = {
			isa = PBXTargetDependency;
			target = 4BF866B22560565D003679C3 /* Bull-s-eye */;
			targetProxy = 4BF866C525605663003679C3 /* PBXContainerItemProxy */;
		};
		4BF866D125605663003679C3 /* PBXTargetDependency */ = {
			isa = PBXTargetDependency;
			target = 4BF866B22560565D003679C3 /* Bull-s-eye */;
			targetProxy = 4BF866D025605663003679C3 /* PBXContainerItemProxy */;
		};
/* End PBXTargetDependency section */

/* Begin XCBuildConfiguration section */
		4BF866D625605664003679C3 /* Debug */ = {
			isa = XCBuildConfiguration;
			buildSettings = {
				ALWAYS_SEARCH_USER_PATHS = NO;
				CLANG_ANALYZER_NONNULL = YES;
				CLANG_ANALYZER_NUMBER_OBJECT_CONVERSION = YES_AGGRESSIVE;
				CLANG_CXX_LANGUAGE_STANDARD = "gnu++14";
				CLANG_CXX_LIBRARY = "libc++";
				CLANG_ENABLE_MODULES = YES;
				CLANG_ENABLE_OBJC_ARC = YES;
				CLANG_ENABLE_OBJC_WEAK = YES;
				CLANG_WARN_BLOCK_CAPTURE_AUTORELEASING = YES;
				CLANG_WARN_BOOL_CONVERSION = YES;
				CLANG_WARN_COMMA = YES;
				CLANG_WARN_CONSTANT_CONVERSION = YES;
				CLANG_WARN_DEPRECATED_OBJC_IMPLEMENTATIONS = YES;
				CLANG_WARN_DIRECT_OBJC_ISA_USAGE = YES_ERROR;
				CLANG_WARN_DOCUMENTATION_COMMENTS = YES;
				CLANG_WARN_EMPTY_BODY = YES;
				CLANG_WARN_ENUM_CONVERSION = YES;
				CLANG_WARN_INFINITE_RECURSION = YES;
				CLANG_WARN_INT_CONVERSION = YES;
				CLANG_WARN_NON_LITERAL_NULL_CONVERSION = YES;
				CLANG_WARN_OBJC_IMPLICIT_RETAIN_SELF = YES;
				CLANG_WARN_OBJC_LITERAL_CONVERSION = YES;
				CLANG_WARN_OBJC_ROOT_CLASS = YES_ERROR;
				CLANG_WARN_QUOTED_INCLUDE_IN_FRAMEWORK_HEADER = YES;
				CLANG_WARN_RANGE_LOOP_ANALYSIS = YES;
				CLANG_WARN_STRICT_PROTOTYPES = YES;
				CLANG_WARN_SUSPICIOUS_MOVE = YES;
				CLANG_WARN_UNGUARDED_AVAILABILITY = YES_AGGRESSIVE;
				CLANG_WARN_UNREACHABLE_CODE = YES;
				CLANG_WARN__DUPLICATE_METHOD_MATCH = YES;
				COPY_PHASE_STRIP = NO;
				DEBUG_INFORMATION_FORMAT = dwarf;
				ENABLE_STRICT_OBJC_MSGSEND = YES;
				ENABLE_TESTABILITY = YES;
				GCC_C_LANGUAGE_STANDARD = gnu11;
				GCC_DYNAMIC_NO_PIC = NO;
				GCC_NO_COMMON_BLOCKS = YES;
				GCC_OPTIMIZATION_LEVEL = 0;
				GCC_PREPROCESSOR_DEFINITIONS = (
					"DEBUG=1",
					"$(inherited)",
				);
				GCC_WARN_64_TO_32_BIT_CONVERSION = YES;
				GCC_WARN_ABOUT_RETURN_TYPE = YES_ERROR;
				GCC_WARN_UNDECLARED_SELECTOR = YES;
				GCC_WARN_UNINITIALIZED_AUTOS = YES_AGGRESSIVE;
				GCC_WARN_UNUSED_FUNCTION = YES;
				GCC_WARN_UNUSED_VARIABLE = YES;
				IPHONEOS_DEPLOYMENT_TARGET = 14.0;
				MTL_ENABLE_DEBUG_INFO = INCLUDE_SOURCE;
				MTL_FAST_MATH = YES;
				ONLY_ACTIVE_ARCH = YES;
				SDKROOT = iphoneos;
				SWIFT_ACTIVE_COMPILATION_CONDITIONS = DEBUG;
				SWIFT_OPTIMIZATION_LEVEL = "-Onone";
			};
			name = Debug;
		};
		4BF866D725605664003679C3 /* Release */ = {
			isa = XCBuildConfiguration;
			buildSettings = {
				ALWAYS_SEARCH_USER_PATHS = NO;
				CLANG_ANALYZER_NONNULL = YES;
				CLANG_ANALYZER_NUMBER_OBJECT_CONVERSION = YES_AGGRESSIVE;
				CLANG_CXX_LANGUAGE_STANDARD = "gnu++14";
				CLANG_CXX_LIBRARY = "libc++";
				CLANG_ENABLE_MODULES = YES;
				CLANG_ENABLE_OBJC_ARC = YES;
				CLANG_ENABLE_OBJC_WEAK = YES;
				CLANG_WARN_BLOCK_CAPTURE_AUTORELEASING = YES;
				CLANG_WARN_BOOL_CONVERSION = YES;
				CLANG_WARN_COMMA = YES;
				CLANG_WARN_CONSTANT_CONVERSION = YES;
				CLANG_WARN_DEPRECATED_OBJC_IMPLEMENTATIONS = YES;
				CLANG_WARN_DIRECT_OBJC_ISA_USAGE = YES_ERROR;
				CLANG_WARN_DOCUMENTATION_COMMENTS = YES;
				CLANG_WARN_EMPTY_BODY = YES;
				CLANG_WARN_ENUM_CONVERSION = YES;
				CLANG_WARN_INFINITE_RECURSION = YES;
				CLANG_WARN_INT_CONVERSION = YES;
				CLANG_WARN_NON_LITERAL_NULL_CONVERSION = YES;
				CLANG_WARN_OBJC_IMPLICIT_RETAIN_SELF = YES;
				CLANG_WARN_OBJC_LITERAL_CONVERSION = YES;
				CLANG_WARN_OBJC_ROOT_CLASS = YES_ERROR;
				CLANG_WARN_QUOTED_INCLUDE_IN_FRAMEWORK_HEADER = YES;
				CLANG_WARN_RANGE_LOOP_ANALYSIS = YES;
				CLANG_WARN_STRICT_PROTOTYPES = YES;
				CLANG_WARN_SUSPICIOUS_MOVE = YES;
				CLANG_WARN_UNGUARDED_AVAILABILITY = YES_AGGRESSIVE;
				CLANG_WARN_UNREACHABLE_CODE = YES;
				CLANG_WARN__DUPLICATE_METHOD_MATCH = YES;
				COPY_PHASE_STRIP = NO;
				DEBUG_INFORMATION_FORMAT = "dwarf-with-dsym";
				ENABLE_NS_ASSERTIONS = NO;
				ENABLE_STRICT_OBJC_MSGSEND = YES;
				GCC_C_LANGUAGE_STANDARD = gnu11;
				GCC_NO_COMMON_BLOCKS = YES;
				GCC_WARN_64_TO_32_BIT_CONVERSION = YES;
				GCC_WARN_ABOUT_RETURN_TYPE = YES_ERROR;
				GCC_WARN_UNDECLARED_SELECTOR = YES;
				GCC_WARN_UNINITIALIZED_AUTOS = YES_AGGRESSIVE;
				GCC_WARN_UNUSED_FUNCTION = YES;
				GCC_WARN_UNUSED_VARIABLE = YES;
				IPHONEOS_DEPLOYMENT_TARGET = 14.0;
				MTL_ENABLE_DEBUG_INFO = NO;
				MTL_FAST_MATH = YES;
				SDKROOT = iphoneos;
				SWIFT_COMPILATION_MODE = wholemodule;
				SWIFT_OPTIMIZATION_LEVEL = "-O";
				VALIDATE_PRODUCT = YES;
			};
			name = Release;
		};
		4BF866D925605664003679C3 /* Debug */ = {
			isa = XCBuildConfiguration;
			buildSettings = {
				ASSETCATALOG_COMPILER_APPICON_NAME = AppIcon;
				ASSETCATALOG_COMPILER_GLOBAL_ACCENT_COLOR_NAME = AccentColor;
				CODE_SIGN_STYLE = Automatic;
				DEVELOPMENT_ASSET_PATHS = "\"Bull-s-eye/Preview Content\"";
				ENABLE_PREVIEWS = YES;
				INFOPLIST_FILE = "Bull-s-eye/Info.plist";
				IPHONEOS_DEPLOYMENT_TARGET = 14.0;
				LD_RUNPATH_SEARCH_PATHS = (
					"$(inherited)",
					"@executable_path/Frameworks",
				);
				PRODUCT_BUNDLE_IDENTIFIER = "Ualexeyv.Bull-s-eye";
				PRODUCT_NAME = "$(TARGET_NAME)";
				SWIFT_VERSION = 5.0;
				TARGETED_DEVICE_FAMILY = "1,2";
			};
			name = Debug;
		};
		4BF866DA25605664003679C3 /* Release */ = {
			isa = XCBuildConfiguration;
			buildSettings = {
				ASSETCATALOG_COMPILER_APPICON_NAME = AppIcon;
				ASSETCATALOG_COMPILER_GLOBAL_ACCENT_COLOR_NAME = AccentColor;
				CODE_SIGN_STYLE = Automatic;
				DEVELOPMENT_ASSET_PATHS = "\"Bull-s-eye/Preview Content\"";
				ENABLE_PREVIEWS = YES;
				INFOPLIST_FILE = "Bull-s-eye/Info.plist";
				IPHONEOS_DEPLOYMENT_TARGET = 14.0;
				LD_RUNPATH_SEARCH_PATHS = (
					"$(inherited)",
					"@executable_path/Frameworks",
				);
				PRODUCT_BUNDLE_IDENTIFIER = "Ualexeyv.Bull-s-eye";
				PRODUCT_NAME = "$(TARGET_NAME)";
				SWIFT_VERSION = 5.0;
				TARGETED_DEVICE_FAMILY = "1,2";
			};
			name = Release;
		};
		4BF866DC25605664003679C3 /* Debug */ = {
			isa = XCBuildConfiguration;
			buildSettings = {
				ALWAYS_EMBED_SWIFT_STANDARD_LIBRARIES = YES;
				BUNDLE_LOADER = "$(TEST_HOST)";
				CODE_SIGN_STYLE = Automatic;
				INFOPLIST_FILE = "Bull-s-eyeTests/Info.plist";
				IPHONEOS_DEPLOYMENT_TARGET = 14.0;
				LD_RUNPATH_SEARCH_PATHS = (
					"$(inherited)",
					"@executable_path/Frameworks",
					"@loader_path/Frameworks",
				);
				PRODUCT_BUNDLE_IDENTIFIER = "Ualexeyv.Bull-s-eyeTests";
				PRODUCT_NAME = "$(TARGET_NAME)";
				SWIFT_VERSION = 5.0;
				TARGETED_DEVICE_FAMILY = "1,2";
				TEST_HOST = "$(BUILT_PRODUCTS_DIR)/Bull-s-eye.app/Bull-s-eye";
			};
			name = Debug;
		};
		4BF866DD25605664003679C3 /* Release */ = {
			isa = XCBuildConfiguration;
			buildSettings = {
				ALWAYS_EMBED_SWIFT_STANDARD_LIBRARIES = YES;
				BUNDLE_LOADER = "$(TEST_HOST)";
				CODE_SIGN_STYLE = Automatic;
				INFOPLIST_FILE = "Bull-s-eyeTests/Info.plist";
				IPHONEOS_DEPLOYMENT_TARGET = 14.0;
				LD_RUNPATH_SEARCH_PATHS = (
					"$(inherited)",
					"@executable_path/Frameworks",
					"@loader_path/Frameworks",
				);
				PRODUCT_BUNDLE_IDENTIFIER = "Ualexeyv.Bull-s-eyeTests";
				PRODUCT_NAME = "$(TARGET_NAME)";
				SWIFT_VERSION = 5.0;
				TARGETED_DEVICE_FAMILY = "1,2";
				TEST_HOST = "$(BUILT_PRODUCTS_DIR)/Bull-s-eye.app/Bull-s-eye";
			};
			name = Release;
		};
		4BF866DF25605664003679C3 /* Debug */ = {
			isa = XCBuildConfiguration;
			buildSettings = {
				ALWAYS_EMBED_SWIFT_STANDARD_LIBRARIES = YES;
				CODE_SIGN_STYLE = Automatic;
				INFOPLIST_FILE = "Bull-s-eyeUITests/Info.plist";
				LD_RUNPATH_SEARCH_PATHS = (
					"$(inherited)",
					"@executable_path/Frameworks",
					"@loader_path/Frameworks",
				);
				PRODUCT_BUNDLE_IDENTIFIER = "Ualexeyv.Bull-s-eyeUITests";
				PRODUCT_NAME = "$(TARGET_NAME)";
				SWIFT_VERSION = 5.0;
				TARGETED_DEVICE_FAMILY = "1,2";
				TEST_TARGET_NAME = "Bull-s-eye";
			};
			name = Debug;
		};
		4BF866E025605664003679C3 /* Release */ = {
			isa = XCBuildConfiguration;
			buildSettings = {
				ALWAYS_EMBED_SWIFT_STANDARD_LIBRARIES = YES;
				CODE_SIGN_STYLE = Automatic;
				INFOPLIST_FILE = "Bull-s-eyeUITests/Info.plist";
				LD_RUNPATH_SEARCH_PATHS = (
					"$(inherited)",
					"@executable_path/Frameworks",
					"@loader_path/Frameworks",
				);
				PRODUCT_BUNDLE_IDENTIFIER = "Ualexeyv.Bull-s-eyeUITests";
				PRODUCT_NAME = "$(TARGET_NAME)";
				SWIFT_VERSION = 5.0;
				TARGETED_DEVICE_FAMILY = "1,2";
				TEST_TARGET_NAME = "Bull-s-eye";
			};
			name = Release;
		};
/* End XCBuildConfiguration section */

/* Begin XCConfigurationList section */
		4BF866AE2560565D003679C3 /* Build configuration list for PBXProject "Bull-s-eye" */ = {
			isa = XCConfigurationList;
			buildConfigurations = (
				4BF866D625605664003679C3 /* Debug */,
				4BF866D725605664003679C3 /* Release */,
			);
			defaultConfigurationIsVisible = 0;
			defaultConfigurationName = Release;
		};
		4BF866D825605664003679C3 /* Build configuration list for PBXNativeTarget "Bull-s-eye" */ = {
			isa = XCConfigurationList;
			buildConfigurations = (
				4BF866D925605664003679C3 /* Debug */,
				4BF866DA25605664003679C3 /* Release */,
			);
			defaultConfigurationIsVisible = 0;
			defaultConfigurationName = Release;
		};
		4BF866DB25605664003679C3 /* Build configuration list for PBXNativeTarget "Bull-s-eyeTests" */ = {
			isa = XCConfigurationList;
			buildConfigurations = (
				4BF866DC25605664003679C3 /* Debug */,
				4BF866DD25605664003679C3 /* Release */,
			);
			defaultConfigurationIsVisible = 0;
			defaultConfigurationName = Release;
		};
		4BF866DE25605664003679C3 /* Build configuration list for PBXNativeTarget "Bull-s-eyeUITests" */ = {
			isa = XCConfigurationList;
			buildConfigurations = (
				4BF866DF25605664003679C3 /* Debug */,
				4BF866E025605664003679C3 /* Release */,
			);
			defaultConfigurationIsVisible = 0;
			defaultConfigurationName = Release;
		};
/* End XCConfigurationList section */
	};
	rootObject = 4BF866AB2560565D003679C3 /* Project object */;
}
